# This file was autogenerated by Stack.
# You should not edit this file by hand.
# For more information, please see the documentation at:
#   https://docs.haskellstack.org/en/stable/lock_files

packages:
- completed:
    name: hasbolt-extras
    version: 0.0.1.5
    git: https://github.com/oddsome/hasbolt-extras.git
    pantry-tree:
      size: 2648
      sha256: dd08bd95e49bbb0d6cdc9311d7b09c54b480a60289caed1f57da338241ba4ca9
    commit: f6e025b8da0db2aea4b59cae8d3e80379c84a62d
  original:
    git: https://github.com/oddsome/hasbolt-extras.git
    commit: f6e025b8da0db2aea4b59cae8d3e80379c84a62d
snapshots:
- completed:
    size: 533252
    url: https://raw.githubusercontent.com/commercialhaskell/stackage-snapshots/master/lts/16/26.yaml
    sha256: cdbc5db9c1afe80a5998247939027a0c7db92fa0f20b5cd01596ec3da628b622
  original:
    url: https://raw.githubusercontent.com/commercialhaskell/stackage-snapshots/master/lts/16/26.yaml
